// !$*UTF8*$!
{
	archiveVersion = 1;
	classes = {
	};
	objectVersion = 56;
	objects = {

/* Begin PBXBuildFile section */
		231029A7294D75CB00A273CD /* FirebaseAnalytics in Frameworks */ = {isa = PBXBuildFile; productRef = 231029A6294D75CB00A273CD /* FirebaseAnalytics */; };
		231029A9294D75CB00A273CD /* FirebaseAnalyticsOnDeviceConversion in Frameworks */ = {isa = PBXBuildFile; productRef = 231029A8294D75CB00A273CD /* FirebaseAnalyticsOnDeviceConversion */; };
		231029AB294D75CB00A273CD /* FirebaseAnalyticsSwift in Frameworks */ = {isa = PBXBuildFile; productRef = 231029AA294D75CB00A273CD /* FirebaseAnalyticsSwift */; };
		231029AD294D75CB00A273CD /* FirebaseAnalyticsWithoutAdIdSupport in Frameworks */ = {isa = PBXBuildFile; productRef = 231029AC294D75CB00A273CD /* FirebaseAnalyticsWithoutAdIdSupport */; };
		231029AF294D75CB00A273CD /* FirebaseAppCheck in Frameworks */ = {isa = PBXBuildFile; productRef = 231029AE294D75CB00A273CD /* FirebaseAppCheck */; };
		231029B1294D75CB00A273CD /* FirebaseAppDistribution-Beta in Frameworks */ = {isa = PBXBuildFile; productRef = 231029B0294D75CB00A273CD /* FirebaseAppDistribution-Beta */; };
		231029B3294D75CB00A273CD /* FirebaseAuth in Frameworks */ = {isa = PBXBuildFile; productRef = 231029B2294D75CB00A273CD /* FirebaseAuth */; };
		231029B5294D75CB00A273CD /* FirebaseAuthCombine-Community in Frameworks */ = {isa = PBXBuildFile; productRef = 231029B4294D75CB00A273CD /* FirebaseAuthCombine-Community */; };
		231029B7294D75CB00A273CD /* FirebaseCrashlytics in Frameworks */ = {isa = PBXBuildFile; productRef = 231029B6294D75CB00A273CD /* FirebaseCrashlytics */; };
		231029B9294D75CB00A273CD /* FirebaseDatabase in Frameworks */ = {isa = PBXBuildFile; productRef = 231029B8294D75CB00A273CD /* FirebaseDatabase */; };
		231029BB294D75CB00A273CD /* FirebaseDatabaseSwift in Frameworks */ = {isa = PBXBuildFile; productRef = 231029BA294D75CB00A273CD /* FirebaseDatabaseSwift */; };
		231029BD294D75CB00A273CD /* FirebaseDynamicLinks in Frameworks */ = {isa = PBXBuildFile; productRef = 231029BC294D75CB00A273CD /* FirebaseDynamicLinks */; };
		231029BF294D75CB00A273CD /* FirebaseFirestore in Frameworks */ = {isa = PBXBuildFile; productRef = 231029BE294D75CB00A273CD /* FirebaseFirestore */; };
		231029C1294D75CB00A273CD /* FirebaseFirestoreCombine-Community in Frameworks */ = {isa = PBXBuildFile; productRef = 231029C0294D75CB00A273CD /* FirebaseFirestoreCombine-Community */; };
		231029C3294D75CB00A273CD /* FirebaseFirestoreSwift in Frameworks */ = {isa = PBXBuildFile; productRef = 231029C2294D75CB00A273CD /* FirebaseFirestoreSwift */; };
		231029C5294D75CB00A273CD /* FirebaseFunctions in Frameworks */ = {isa = PBXBuildFile; productRef = 231029C4294D75CB00A273CD /* FirebaseFunctions */; };
		231029C7294D75CB00A273CD /* FirebaseFunctionsCombine-Community in Frameworks */ = {isa = PBXBuildFile; productRef = 231029C6294D75CB00A273CD /* FirebaseFunctionsCombine-Community */; };
		231029C9294D75CB00A273CD /* FirebaseInAppMessaging-Beta in Frameworks */ = {isa = PBXBuildFile; productRef = 231029C8294D75CB00A273CD /* FirebaseInAppMessaging-Beta */; };
		231029CB294D75CB00A273CD /* FirebaseInAppMessagingSwift-Beta in Frameworks */ = {isa = PBXBuildFile; productRef = 231029CA294D75CB00A273CD /* FirebaseInAppMessagingSwift-Beta */; };
		231029CD294D75CB00A273CD /* FirebaseInstallations in Frameworks */ = {isa = PBXBuildFile; productRef = 231029CC294D75CB00A273CD /* FirebaseInstallations */; };
		231029CF294D75CB00A273CD /* FirebaseMLModelDownloader in Frameworks */ = {isa = PBXBuildFile; productRef = 231029CE294D75CB00A273CD /* FirebaseMLModelDownloader */; };
		231029D1294D75CB00A273CD /* FirebaseMessaging in Frameworks */ = {isa = PBXBuildFile; productRef = 231029D0294D75CB00A273CD /* FirebaseMessaging */; };
		231029D3294D75CB00A273CD /* FirebasePerformance in Frameworks */ = {isa = PBXBuildFile; productRef = 231029D2294D75CB00A273CD /* FirebasePerformance */; };
		231029D5294D75CB00A273CD /* FirebaseRemoteConfig in Frameworks */ = {isa = PBXBuildFile; productRef = 231029D4294D75CB00A273CD /* FirebaseRemoteConfig */; };
		231029D7294D75CB00A273CD /* FirebaseRemoteConfigSwift in Frameworks */ = {isa = PBXBuildFile; productRef = 231029D6294D75CB00A273CD /* FirebaseRemoteConfigSwift */; };
		231029D9294D75CB00A273CD /* FirebaseStorage in Frameworks */ = {isa = PBXBuildFile; productRef = 231029D8294D75CB00A273CD /* FirebaseStorage */; };
		231029DB294D75CB00A273CD /* FirebaseStorageCombine-Community in Frameworks */ = {isa = PBXBuildFile; productRef = 231029DA294D75CB00A273CD /* FirebaseStorageCombine-Community */; };
		231029DE294D7C7200A273CD /* Kingfisher in Frameworks */ = {isa = PBXBuildFile; productRef = 231029DD294D7C7200A273CD /* Kingfisher */; };
		231029E0294D7EE100A273CD /* NewMessageViewModel.swift in Sources */ = {isa = PBXBuildFile; fileRef = 231029DF294D7EE100A273CD /* NewMessageViewModel.swift */; };
		231029E2294D7F4600A273CD /* Constants.swift in Sources */ = {isa = PBXBuildFile; fileRef = 231029E1294D7F4600A273CD /* Constants.swift */; };
		231029E4294D9E5100A273CD /* MessageViewModel.swift in Sources */ = {isa = PBXBuildFile; fileRef = 231029E3294D9E5100A273CD /* MessageViewModel.swift */; };
		231029E6294DB75700A273CD /* ConversationsViewModel.swift in Sources */ = {isa = PBXBuildFile; fileRef = 231029E5294DB75700A273CD /* ConversationsViewModel.swift */; };
		23ACE020294B696A00B38B2C /* SwiftUIChatApp.swift in Sources */ = {isa = PBXBuildFile; fileRef = 23ACE01F294B696A00B38B2C /* SwiftUIChatApp.swift */; };
		23ACE022294B696A00B38B2C /* ContentView.swift in Sources */ = {isa = PBXBuildFile; fileRef = 23ACE021294B696A00B38B2C /* ContentView.swift */; };
		23ACE024294B696B00B38B2C /* Assets.xcassets in Resources */ = {isa = PBXBuildFile; fileRef = 23ACE023294B696B00B38B2C /* Assets.xcassets */; };
		23ACE027294B696B00B38B2C /* Preview Assets.xcassets in Resources */ = {isa = PBXBuildFile; fileRef = 23ACE026294B696B00B38B2C /* Preview Assets.xcassets */; };
		23ACE031294B696B00B38B2C /* SwiftUIChatTests.swift in Sources */ = {isa = PBXBuildFile; fileRef = 23ACE030294B696B00B38B2C /* SwiftUIChatTests.swift */; };
		23ACE03B294B696B00B38B2C /* SwiftUIChatUITests.swift in Sources */ = {isa = PBXBuildFile; fileRef = 23ACE03A294B696B00B38B2C /* SwiftUIChatUITests.swift */; };
		23ACE03D294B696B00B38B2C /* SwiftUIChatUITestsLaunchTests.swift in Sources */ = {isa = PBXBuildFile; fileRef = 23ACE03C294B696B00B38B2C /* SwiftUIChatUITestsLaunchTests.swift */; };
		23ACE11C294B6D8C00B38B2C /* LoginView.swift in Sources */ = {isa = PBXBuildFile; fileRef = 23ACE11B294B6D8C00B38B2C /* LoginView.swift */; };
		23ACE11D294B6D8C00B38B2C /* LoginView.swift in Sources */ = {isa = PBXBuildFile; fileRef = 23ACE11B294B6D8C00B38B2C /* LoginView.swift */; };
		23ACE11E294B6D8C00B38B2C /* LoginView.swift in Sources */ = {isa = PBXBuildFile; fileRef = 23ACE11B294B6D8C00B38B2C /* LoginView.swift */; };
		23ACE120294B6D9D00B38B2C /* RegistrationView.swift in Sources */ = {isa = PBXBuildFile; fileRef = 23ACE11F294B6D9D00B38B2C /* RegistrationView.swift */; };
		23ACE121294B6D9D00B38B2C /* RegistrationView.swift in Sources */ = {isa = PBXBuildFile; fileRef = 23ACE11F294B6D9D00B38B2C /* RegistrationView.swift */; };
		23ACE122294B6D9D00B38B2C /* RegistrationView.swift in Sources */ = {isa = PBXBuildFile; fileRef = 23ACE11F294B6D9D00B38B2C /* RegistrationView.swift */; };
		23ACE128294B743C00B38B2C /* CustomTextField.swift in Sources */ = {isa = PBXBuildFile; fileRef = 23ACE127294B743C00B38B2C /* CustomTextField.swift */; };
		23ACE129294B743C00B38B2C /* CustomTextField.swift in Sources */ = {isa = PBXBuildFile; fileRef = 23ACE127294B743C00B38B2C /* CustomTextField.swift */; };
		23ACE12A294B743C00B38B2C /* CustomTextField.swift in Sources */ = {isa = PBXBuildFile; fileRef = 23ACE127294B743C00B38B2C /* CustomTextField.swift */; };
		23ACE12D294B75C200B38B2C /* MainTabView.swift in Sources */ = {isa = PBXBuildFile; fileRef = 23ACE12C294B75C200B38B2C /* MainTabView.swift */; };
		23ACE12E294B75C200B38B2C /* MainTabView.swift in Sources */ = {isa = PBXBuildFile; fileRef = 23ACE12C294B75C200B38B2C /* MainTabView.swift */; };
		23ACE12F294B75C200B38B2C /* MainTabView.swift in Sources */ = {isa = PBXBuildFile; fileRef = 23ACE12C294B75C200B38B2C /* MainTabView.swift */; };
		23ACE134294B771E00B38B2C /* ChatView.swift in Sources */ = {isa = PBXBuildFile; fileRef = 23ACE133294B771E00B38B2C /* ChatView.swift */; };
		23ACE135294B771E00B38B2C /* ChatView.swift in Sources */ = {isa = PBXBuildFile; fileRef = 23ACE133294B771E00B38B2C /* ChatView.swift */; };
		23ACE136294B771E00B38B2C /* ChatView.swift in Sources */ = {isa = PBXBuildFile; fileRef = 23ACE133294B771E00B38B2C /* ChatView.swift */; };
		23ACE145294B777200B38B2C /* ConversationsView.swift in Sources */ = {isa = PBXBuildFile; fileRef = 23ACE144294B777200B38B2C /* ConversationsView.swift */; };
		23ACE146294B777200B38B2C /* ConversationsView.swift in Sources */ = {isa = PBXBuildFile; fileRef = 23ACE144294B777200B38B2C /* ConversationsView.swift */; };
		23ACE147294B777200B38B2C /* ConversationsView.swift in Sources */ = {isa = PBXBuildFile; fileRef = 23ACE144294B777200B38B2C /* ConversationsView.swift */; };
		23ACE149294B779B00B38B2C /* SettingsView.swift in Sources */ = {isa = PBXBuildFile; fileRef = 23ACE148294B779B00B38B2C /* SettingsView.swift */; };
		23ACE14A294B779B00B38B2C /* SettingsView.swift in Sources */ = {isa = PBXBuildFile; fileRef = 23ACE148294B779B00B38B2C /* SettingsView.swift */; };
		23ACE14B294B779B00B38B2C /* SettingsView.swift in Sources */ = {isa = PBXBuildFile; fileRef = 23ACE148294B779B00B38B2C /* SettingsView.swift */; };
		23ACE14D294B77A800B38B2C /* ChannelsView.swift in Sources */ = {isa = PBXBuildFile; fileRef = 23ACE14C294B77A800B38B2C /* ChannelsView.swift */; };
		23ACE14E294B77A800B38B2C /* ChannelsView.swift in Sources */ = {isa = PBXBuildFile; fileRef = 23ACE14C294B77A800B38B2C /* ChannelsView.swift */; };
		23ACE14F294B77A800B38B2C /* ChannelsView.swift in Sources */ = {isa = PBXBuildFile; fileRef = 23ACE14C294B77A800B38B2C /* ChannelsView.swift */; };
		23ACE151294B7B3B00B38B2C /* SettingsHeaderView.swift in Sources */ = {isa = PBXBuildFile; fileRef = 23ACE150294B7B3B00B38B2C /* SettingsHeaderView.swift */; };
		23ACE152294B7B3B00B38B2C /* SettingsHeaderView.swift in Sources */ = {isa = PBXBuildFile; fileRef = 23ACE150294B7B3B00B38B2C /* SettingsHeaderView.swift */; };
		23ACE153294B7B3B00B38B2C /* SettingsHeaderView.swift in Sources */ = {isa = PBXBuildFile; fileRef = 23ACE150294B7B3B00B38B2C /* SettingsHeaderView.swift */; };
		23ACE155294B7C7C00B38B2C /* SettingsCell.swift in Sources */ = {isa = PBXBuildFile; fileRef = 23ACE154294B7C7C00B38B2C /* SettingsCell.swift */; };
		23ACE156294B7C7C00B38B2C /* SettingsCell.swift in Sources */ = {isa = PBXBuildFile; fileRef = 23ACE154294B7C7C00B38B2C /* SettingsCell.swift */; };
		23ACE157294B7C7C00B38B2C /* SettingsCell.swift in Sources */ = {isa = PBXBuildFile; fileRef = 23ACE154294B7C7C00B38B2C /* SettingsCell.swift */; };
		23ACE159294B7DD100B38B2C /* SettingsCellViewModel.swift in Sources */ = {isa = PBXBuildFile; fileRef = 23ACE158294B7DD100B38B2C /* SettingsCellViewModel.swift */; };
		23ACE15A294B7DD100B38B2C /* SettingsCellViewModel.swift in Sources */ = {isa = PBXBuildFile; fileRef = 23ACE158294B7DD100B38B2C /* SettingsCellViewModel.swift */; };
		23ACE15B294B7DD100B38B2C /* SettingsCellViewModel.swift in Sources */ = {isa = PBXBuildFile; fileRef = 23ACE158294B7DD100B38B2C /* SettingsCellViewModel.swift */; };
		23ACE15D294B813000B38B2C /* EditProfileView.swift in Sources */ = {isa = PBXBuildFile; fileRef = 23ACE15C294B813000B38B2C /* EditProfileView.swift */; };
		23ACE15E294B813000B38B2C /* EditProfileView.swift in Sources */ = {isa = PBXBuildFile; fileRef = 23ACE15C294B813000B38B2C /* EditProfileView.swift */; };
		23ACE15F294B813000B38B2C /* EditProfileView.swift in Sources */ = {isa = PBXBuildFile; fileRef = 23ACE15C294B813000B38B2C /* EditProfileView.swift */; };
		23ACE161294B81FF00B38B2C /* StatusSelectorView.swift in Sources */ = {isa = PBXBuildFile; fileRef = 23ACE160294B81FF00B38B2C /* StatusSelectorView.swift */; };
		23ACE162294B81FF00B38B2C /* StatusSelectorView.swift in Sources */ = {isa = PBXBuildFile; fileRef = 23ACE160294B81FF00B38B2C /* StatusSelectorView.swift */; };
		23ACE163294B81FF00B38B2C /* StatusSelectorView.swift in Sources */ = {isa = PBXBuildFile; fileRef = 23ACE160294B81FF00B38B2C /* StatusSelectorView.swift */; };
		23ACE165294B828000B38B2C /* StatusViewModel.swift in Sources */ = {isa = PBXBuildFile; fileRef = 23ACE164294B828000B38B2C /* StatusViewModel.swift */; };
		23ACE166294B828000B38B2C /* StatusViewModel.swift in Sources */ = {isa = PBXBuildFile; fileRef = 23ACE164294B828000B38B2C /* StatusViewModel.swift */; };
		23ACE167294B828000B38B2C /* StatusViewModel.swift in Sources */ = {isa = PBXBuildFile; fileRef = 23ACE164294B828000B38B2C /* StatusViewModel.swift */; };
		23ACE169294B872700B38B2C /* ImagePicker.swift in Sources */ = {isa = PBXBuildFile; fileRef = 23ACE168294B872700B38B2C /* ImagePicker.swift */; };
		23ACE16A294B872700B38B2C /* ImagePicker.swift in Sources */ = {isa = PBXBuildFile; fileRef = 23ACE168294B872700B38B2C /* ImagePicker.swift */; };
		23ACE16B294B872700B38B2C /* ImagePicker.swift in Sources */ = {isa = PBXBuildFile; fileRef = 23ACE168294B872700B38B2C /* ImagePicker.swift */; };
		23ACE16D294C078600B38B2C /* ConversationCell.swift in Sources */ = {isa = PBXBuildFile; fileRef = 23ACE16C294C078600B38B2C /* ConversationCell.swift */; };
		23ACE16E294C078600B38B2C /* ConversationCell.swift in Sources */ = {isa = PBXBuildFile; fileRef = 23ACE16C294C078600B38B2C /* ConversationCell.swift */; };
		23ACE16F294C078600B38B2C /* ConversationCell.swift in Sources */ = {isa = PBXBuildFile; fileRef = 23ACE16C294C078600B38B2C /* ConversationCell.swift */; };
		23ACE171294C07AA00B38B2C /* NewMessageView.swift in Sources */ = {isa = PBXBuildFile; fileRef = 23ACE170294C07AA00B38B2C /* NewMessageView.swift */; };
		23ACE172294C07AA00B38B2C /* NewMessageView.swift in Sources */ = {isa = PBXBuildFile; fileRef = 23ACE170294C07AA00B38B2C /* NewMessageView.swift */; };
		23ACE173294C07AA00B38B2C /* NewMessageView.swift in Sources */ = {isa = PBXBuildFile; fileRef = 23ACE170294C07AA00B38B2C /* NewMessageView.swift */; };
		23ACE175294C07C900B38B2C /* UserCell.swift in Sources */ = {isa = PBXBuildFile; fileRef = 23ACE174294C07C900B38B2C /* UserCell.swift */; };
		23ACE176294C07C900B38B2C /* UserCell.swift in Sources */ = {isa = PBXBuildFile; fileRef = 23ACE174294C07C900B38B2C /* UserCell.swift */; };
		23ACE177294C07C900B38B2C /* UserCell.swift in Sources */ = {isa = PBXBuildFile; fileRef = 23ACE174294C07C900B38B2C /* UserCell.swift */; };
		23ACE179294C18A200B38B2C /* SearchBar.swift in Sources */ = {isa = PBXBuildFile; fileRef = 23ACE178294C18A200B38B2C /* SearchBar.swift */; };
		23ACE17A294C18A200B38B2C /* SearchBar.swift in Sources */ = {isa = PBXBuildFile; fileRef = 23ACE178294C18A200B38B2C /* SearchBar.swift */; };
		23ACE17B294C18A200B38B2C /* SearchBar.swift in Sources */ = {isa = PBXBuildFile; fileRef = 23ACE178294C18A200B38B2C /* SearchBar.swift */; };
		23ACE17D294C1B4300B38B2C /* Extensions.swift in Sources */ = {isa = PBXBuildFile; fileRef = 23ACE17C294C1B4300B38B2C /* Extensions.swift */; };
		23ACE17E294C1B4300B38B2C /* Extensions.swift in Sources */ = {isa = PBXBuildFile; fileRef = 23ACE17C294C1B4300B38B2C /* Extensions.swift */; };
		23ACE17F294C1B4300B38B2C /* Extensions.swift in Sources */ = {isa = PBXBuildFile; fileRef = 23ACE17C294C1B4300B38B2C /* Extensions.swift */; };
		23ACE181294C1C9000B38B2C /* ChatBubble.swift in Sources */ = {isa = PBXBuildFile; fileRef = 23ACE180294C1C9000B38B2C /* ChatBubble.swift */; };
		23ACE182294C1C9000B38B2C /* ChatBubble.swift in Sources */ = {isa = PBXBuildFile; fileRef = 23ACE180294C1C9000B38B2C /* ChatBubble.swift */; };
		23ACE183294C1C9000B38B2C /* ChatBubble.swift in Sources */ = {isa = PBXBuildFile; fileRef = 23ACE180294C1C9000B38B2C /* ChatBubble.swift */; };
		23ACE185294C1D8B00B38B2C /* MessageView.swift in Sources */ = {isa = PBXBuildFile; fileRef = 23ACE184294C1D8B00B38B2C /* MessageView.swift */; };
		23ACE186294C1D8B00B38B2C /* MessageView.swift in Sources */ = {isa = PBXBuildFile; fileRef = 23ACE184294C1D8B00B38B2C /* MessageView.swift */; };
		23ACE187294C1D8B00B38B2C /* MessageView.swift in Sources */ = {isa = PBXBuildFile; fileRef = 23ACE184294C1D8B00B38B2C /* MessageView.swift */; };
		23ACE189294C275500B38B2C /* CustomInputView.swift in Sources */ = {isa = PBXBuildFile; fileRef = 23ACE188294C275500B38B2C /* CustomInputView.swift */; };
		23ACE18A294C275500B38B2C /* CustomInputView.swift in Sources */ = {isa = PBXBuildFile; fileRef = 23ACE188294C275500B38B2C /* CustomInputView.swift */; };
		23ACE18B294C275500B38B2C /* CustomInputView.swift in Sources */ = {isa = PBXBuildFile; fileRef = 23ACE188294C275500B38B2C /* CustomInputView.swift */; };
		23ACE18D294C2BC600B38B2C /* Message.swift in Sources */ = {isa = PBXBuildFile; fileRef = 23ACE18C294C2BC600B38B2C /* Message.swift */; };
		23ACE18E294C2BC600B38B2C /* Message.swift in Sources */ = {isa = PBXBuildFile; fileRef = 23ACE18C294C2BC600B38B2C /* Message.swift */; };
		23ACE18F294C2BC600B38B2C /* Message.swift in Sources */ = {isa = PBXBuildFile; fileRef = 23ACE18C294C2BC600B38B2C /* Message.swift */; };
		23ACE191294C2C4000B38B2C /* ChatViewModel.swift in Sources */ = {isa = PBXBuildFile; fileRef = 23ACE190294C2C4000B38B2C /* ChatViewModel.swift */; };
		23ACE192294C2C4000B38B2C /* ChatViewModel.swift in Sources */ = {isa = PBXBuildFile; fileRef = 23ACE190294C2C4000B38B2C /* ChatViewModel.swift */; };
		23ACE193294C2C4000B38B2C /* ChatViewModel.swift in Sources */ = {isa = PBXBuildFile; fileRef = 23ACE190294C2C4000B38B2C /* ChatViewModel.swift */; };
		23ACE195294C34AF00B38B2C /* GoogleService-Info.plist in Resources */ = {isa = PBXBuildFile; fileRef = 23ACE194294C34AF00B38B2C /* GoogleService-Info.plist */; };
		23ACE196294C34AF00B38B2C /* GoogleService-Info.plist in Resources */ = {isa = PBXBuildFile; fileRef = 23ACE194294C34AF00B38B2C /* GoogleService-Info.plist */; };
		23ACE197294C34AF00B38B2C /* GoogleService-Info.plist in Resources */ = {isa = PBXBuildFile; fileRef = 23ACE194294C34AF00B38B2C /* GoogleService-Info.plist */; };
		23ACE1A6294C37AF00B38B2C /* AuthViewModel.swift in Sources */ = {isa = PBXBuildFile; fileRef = 23ACE1A5294C37AF00B38B2C /* AuthViewModel.swift */; };
		23ACE1A7294C37AF00B38B2C /* AuthViewModel.swift in Sources */ = {isa = PBXBuildFile; fileRef = 23ACE1A5294C37AF00B38B2C /* AuthViewModel.swift */; };
		23ACE1A8294C37AF00B38B2C /* AuthViewModel.swift in Sources */ = {isa = PBXBuildFile; fileRef = 23ACE1A5294C37AF00B38B2C /* AuthViewModel.swift */; };
		23ACE1AA294C3CFB00B38B2C /* ProfilePhotoSelectorView.swift in Sources */ = {isa = PBXBuildFile; fileRef = 23ACE1A9294C3CFB00B38B2C /* ProfilePhotoSelectorView.swift */; };
		23ACE1AB294C3CFB00B38B2C /* ProfilePhotoSelectorView.swift in Sources */ = {isa = PBXBuildFile; fileRef = 23ACE1A9294C3CFB00B38B2C /* ProfilePhotoSelectorView.swift */; };
		23ACE1AC294C3CFB00B38B2C /* ProfilePhotoSelectorView.swift in Sources */ = {isa = PBXBuildFile; fileRef = 23ACE1A9294C3CFB00B38B2C /* ProfilePhotoSelectorView.swift */; };
		23ACE1AE294C486E00B38B2C /* ImageUploader.swift in Sources */ = {isa = PBXBuildFile; fileRef = 23ACE1AD294C486E00B38B2C /* ImageUploader.swift */; };
		23ACE1AF294C486E00B38B2C /* ImageUploader.swift in Sources */ = {isa = PBXBuildFile; fileRef = 23ACE1AD294C486E00B38B2C /* ImageUploader.swift */; };
		23ACE1B0294C486E00B38B2C /* ImageUploader.swift in Sources */ = {isa = PBXBuildFile; fileRef = 23ACE1AD294C486E00B38B2C /* ImageUploader.swift */; };
		23ACE1B2294D72B900B38B2C /* User.swift in Sources */ = {isa = PBXBuildFile; fileRef = 23ACE1B1294D72B900B38B2C /* User.swift */; };
		23ACE1B3294D72B900B38B2C /* User.swift in Sources */ = {isa = PBXBuildFile; fileRef = 23ACE1B1294D72B900B38B2C /* User.swift */; };
		23ACE1B4294D72B900B38B2C /* User.swift in Sources */ = {isa = PBXBuildFile; fileRef = 23ACE1B1294D72B900B38B2C /* User.swift */; };
		23BF88BD294DC804008E1AFF /* ConversationCellViewModel.swift in Sources */ = {isa = PBXBuildFile; fileRef = 23BF88BC294DC804008E1AFF /* ConversationCellViewModel.swift */; };
		23BF88C2294DD78B008E1AFF /* LivePricesView.swift in Sources */ = {isa = PBXBuildFile; fileRef = 23BF88C1294DD78B008E1AFF /* LivePricesView.swift */; };
		23BF88C4294DDE83008E1AFF /* TopMoversView.swift in Sources */ = {isa = PBXBuildFile; fileRef = 23BF88C3294DDE83008E1AFF /* TopMoversView.swift */; };
		23BF88C6294DDF17008E1AFF /* TopMoversItemView.swift in Sources */ = {isa = PBXBuildFile; fileRef = 23BF88C5294DDF17008E1AFF /* TopMoversItemView.swift */; };
		23BF88C8294DE243008E1AFF /* AllCoinsView.swift in Sources */ = {isa = PBXBuildFile; fileRef = 23BF88C7294DE243008E1AFF /* AllCoinsView.swift */; };
		23BF88CA294DE24F008E1AFF /* CoinRowView.swift in Sources */ = {isa = PBXBuildFile; fileRef = 23BF88C9294DE24F008E1AFF /* CoinRowView.swift */; };
/* End PBXBuildFile section */

/* Begin PBXContainerItemProxy section */
		23ACE02D294B696B00B38B2C /* PBXContainerItemProxy */ = {
			isa = PBXContainerItemProxy;
			containerPortal = 23ACE014294B696A00B38B2C /* Project object */;
			proxyType = 1;
			remoteGlobalIDString = 23ACE01B294B696A00B38B2C;
			remoteInfo = SwiftUIChat;
		};
		23ACE037294B696B00B38B2C /* PBXContainerItemProxy */ = {
			isa = PBXContainerItemProxy;
			containerPortal = 23ACE014294B696A00B38B2C /* Project object */;
			proxyType = 1;
			remoteGlobalIDString = 23ACE01B294B696A00B38B2C;
			remoteInfo = SwiftUIChat;
		};
/* End PBXContainerItemProxy section */

/* Begin PBXFileReference section */
		231029DF294D7EE100A273CD /* NewMessageViewModel.swift */ = {isa = PBXFileReference; lastKnownFileType = sourcecode.swift; path = NewMessageViewModel.swift; sourceTree = "<group>"; };
		231029E1294D7F4600A273CD /* Constants.swift */ = {isa = PBXFileReference; lastKnownFileType = sourcecode.swift; path = Constants.swift; sourceTree = "<group>"; };
		231029E3294D9E5100A273CD /* MessageViewModel.swift */ = {isa = PBXFileReference; lastKnownFileType = sourcecode.swift; path = MessageViewModel.swift; sourceTree = "<group>"; };
		231029E5294DB75700A273CD /* ConversationsViewModel.swift */ = {isa = PBXFileReference; lastKnownFileType = sourcecode.swift; path = ConversationsViewModel.swift; sourceTree = "<group>"; };
		23ACE01C294B696A00B38B2C /* SwiftUIChat.app */ = {isa = PBXFileReference; explicitFileType = wrapper.application; includeInIndex = 0; path = SwiftUIChat.app; sourceTree = BUILT_PRODUCTS_DIR; };
		23ACE01F294B696A00B38B2C /* SwiftUIChatApp.swift */ = {isa = PBXFileReference; lastKnownFileType = sourcecode.swift; path = SwiftUIChatApp.swift; sourceTree = "<group>"; };
		23ACE021294B696A00B38B2C /* ContentView.swift */ = {isa = PBXFileReference; lastKnownFileType = sourcecode.swift; path = ContentView.swift; sourceTree = "<group>"; };
		23ACE023294B696B00B38B2C /* Assets.xcassets */ = {isa = PBXFileReference; lastKnownFileType = folder.assetcatalog; path = Assets.xcassets; sourceTree = "<group>"; };
		23ACE026294B696B00B38B2C /* Preview Assets.xcassets */ = {isa = PBXFileReference; lastKnownFileType = folder.assetcatalog; path = "Preview Assets.xcassets"; sourceTree = "<group>"; };
		23ACE02C294B696B00B38B2C /* SwiftUIChatTests.xctest */ = {isa = PBXFileReference; explicitFileType = wrapper.cfbundle; includeInIndex = 0; path = SwiftUIChatTests.xctest; sourceTree = BUILT_PRODUCTS_DIR; };
		23ACE030294B696B00B38B2C /* SwiftUIChatTests.swift */ = {isa = PBXFileReference; lastKnownFileType = sourcecode.swift; path = SwiftUIChatTests.swift; sourceTree = "<group>"; };
		23ACE036294B696B00B38B2C /* SwiftUIChatUITests.xctest */ = {isa = PBXFileReference; explicitFileType = wrapper.cfbundle; includeInIndex = 0; path = SwiftUIChatUITests.xctest; sourceTree = BUILT_PRODUCTS_DIR; };
		23ACE03A294B696B00B38B2C /* SwiftUIChatUITests.swift */ = {isa = PBXFileReference; lastKnownFileType = sourcecode.swift; path = SwiftUIChatUITests.swift; sourceTree = "<group>"; };
		23ACE03C294B696B00B38B2C /* SwiftUIChatUITestsLaunchTests.swift */ = {isa = PBXFileReference; lastKnownFileType = sourcecode.swift; path = SwiftUIChatUITestsLaunchTests.swift; sourceTree = "<group>"; };
		23ACE11B294B6D8C00B38B2C /* LoginView.swift */ = {isa = PBXFileReference; lastKnownFileType = sourcecode.swift; path = LoginView.swift; sourceTree = "<group>"; };
		23ACE11F294B6D9D00B38B2C /* RegistrationView.swift */ = {isa = PBXFileReference; lastKnownFileType = sourcecode.swift; path = RegistrationView.swift; sourceTree = "<group>"; };
		23ACE127294B743C00B38B2C /* CustomTextField.swift */ = {isa = PBXFileReference; lastKnownFileType = sourcecode.swift; path = CustomTextField.swift; sourceTree = "<group>"; };
		23ACE12C294B75C200B38B2C /* MainTabView.swift */ = {isa = PBXFileReference; lastKnownFileType = sourcecode.swift; path = MainTabView.swift; sourceTree = "<group>"; };
		23ACE133294B771E00B38B2C /* ChatView.swift */ = {isa = PBXFileReference; lastKnownFileType = sourcecode.swift; path = ChatView.swift; sourceTree = "<group>"; };
		23ACE144294B777200B38B2C /* ConversationsView.swift */ = {isa = PBXFileReference; lastKnownFileType = sourcecode.swift; path = ConversationsView.swift; sourceTree = "<group>"; };
		23ACE148294B779B00B38B2C /* SettingsView.swift */ = {isa = PBXFileReference; lastKnownFileType = sourcecode.swift; path = SettingsView.swift; sourceTree = "<group>"; };
		23ACE14C294B77A800B38B2C /* ChannelsView.swift */ = {isa = PBXFileReference; lastKnownFileType = sourcecode.swift; path = ChannelsView.swift; sourceTree = "<group>"; };
		23ACE150294B7B3B00B38B2C /* SettingsHeaderView.swift */ = {isa = PBXFileReference; lastKnownFileType = sourcecode.swift; path = SettingsHeaderView.swift; sourceTree = "<group>"; };
		23ACE154294B7C7C00B38B2C /* SettingsCell.swift */ = {isa = PBXFileReference; lastKnownFileType = sourcecode.swift; path = SettingsCell.swift; sourceTree = "<group>"; };
		23ACE158294B7DD100B38B2C /* SettingsCellViewModel.swift */ = {isa = PBXFileReference; lastKnownFileType = sourcecode.swift; path = SettingsCellViewModel.swift; sourceTree = "<group>"; };
		23ACE15C294B813000B38B2C /* EditProfileView.swift */ = {isa = PBXFileReference; lastKnownFileType = sourcecode.swift; path = EditProfileView.swift; sourceTree = "<group>"; };
		23ACE160294B81FF00B38B2C /* StatusSelectorView.swift */ = {isa = PBXFileReference; lastKnownFileType = sourcecode.swift; path = StatusSelectorView.swift; sourceTree = "<group>"; };
		23ACE164294B828000B38B2C /* StatusViewModel.swift */ = {isa = PBXFileReference; lastKnownFileType = sourcecode.swift; path = StatusViewModel.swift; sourceTree = "<group>"; };
		23ACE168294B872700B38B2C /* ImagePicker.swift */ = {isa = PBXFileReference; lastKnownFileType = sourcecode.swift; path = ImagePicker.swift; sourceTree = "<group>"; };
		23ACE16C294C078600B38B2C /* ConversationCell.swift */ = {isa = PBXFileReference; lastKnownFileType = sourcecode.swift; path = ConversationCell.swift; sourceTree = "<group>"; };
		23ACE170294C07AA00B38B2C /* NewMessageView.swift */ = {isa = PBXFileReference; lastKnownFileType = sourcecode.swift; path = NewMessageView.swift; sourceTree = "<group>"; };
		23ACE174294C07C900B38B2C /* UserCell.swift */ = {isa = PBXFileReference; lastKnownFileType = sourcecode.swift; path = UserCell.swift; sourceTree = "<group>"; };
		23ACE178294C18A200B38B2C /* SearchBar.swift */ = {isa = PBXFileReference; lastKnownFileType = sourcecode.swift; path = SearchBar.swift; sourceTree = "<group>"; };
		23ACE17C294C1B4300B38B2C /* Extensions.swift */ = {isa = PBXFileReference; lastKnownFileType = sourcecode.swift; path = Extensions.swift; sourceTree = "<group>"; };
		23ACE180294C1C9000B38B2C /* ChatBubble.swift */ = {isa = PBXFileReference; lastKnownFileType = sourcecode.swift; path = ChatBubble.swift; sourceTree = "<group>"; };
		23ACE184294C1D8B00B38B2C /* MessageView.swift */ = {isa = PBXFileReference; lastKnownFileType = sourcecode.swift; path = MessageView.swift; sourceTree = "<group>"; };
		23ACE188294C275500B38B2C /* CustomInputView.swift */ = {isa = PBXFileReference; lastKnownFileType = sourcecode.swift; path = CustomInputView.swift; sourceTree = "<group>"; };
		23ACE18C294C2BC600B38B2C /* Message.swift */ = {isa = PBXFileReference; lastKnownFileType = sourcecode.swift; path = Message.swift; sourceTree = "<group>"; };
		23ACE190294C2C4000B38B2C /* ChatViewModel.swift */ = {isa = PBXFileReference; lastKnownFileType = sourcecode.swift; path = ChatViewModel.swift; sourceTree = "<group>"; };
		23ACE194294C34AF00B38B2C /* GoogleService-Info.plist */ = {isa = PBXFileReference; lastKnownFileType = text.plist; path = "GoogleService-Info.plist"; sourceTree = SOURCE_ROOT; };
		23ACE1A5294C37AF00B38B2C /* AuthViewModel.swift */ = {isa = PBXFileReference; lastKnownFileType = sourcecode.swift; path = AuthViewModel.swift; sourceTree = "<group>"; };
		23ACE1A9294C3CFB00B38B2C /* ProfilePhotoSelectorView.swift */ = {isa = PBXFileReference; lastKnownFileType = sourcecode.swift; path = ProfilePhotoSelectorView.swift; sourceTree = "<group>"; };
		23ACE1AD294C486E00B38B2C /* ImageUploader.swift */ = {isa = PBXFileReference; lastKnownFileType = sourcecode.swift; path = ImageUploader.swift; sourceTree = "<group>"; };
		23ACE1B1294D72B900B38B2C /* User.swift */ = {isa = PBXFileReference; lastKnownFileType = sourcecode.swift; path = User.swift; sourceTree = "<group>"; };
		23BF88BC294DC804008E1AFF /* ConversationCellViewModel.swift */ = {isa = PBXFileReference; lastKnownFileType = sourcecode.swift; path = ConversationCellViewModel.swift; sourceTree = "<group>"; };
		23BF88C1294DD78B008E1AFF /* LivePricesView.swift */ = {isa = PBXFileReference; lastKnownFileType = sourcecode.swift; path = LivePricesView.swift; sourceTree = "<group>"; };
		23BF88C3294DDE83008E1AFF /* TopMoversView.swift */ = {isa = PBXFileReference; lastKnownFileType = sourcecode.swift; path = TopMoversView.swift; sourceTree = "<group>"; };
		23BF88C5294DDF17008E1AFF /* TopMoversItemView.swift */ = {isa = PBXFileReference; lastKnownFileType = sourcecode.swift; path = TopMoversItemView.swift; sourceTree = "<group>"; };
		23BF88C7294DE243008E1AFF /* AllCoinsView.swift */ = {isa = PBXFileReference; lastKnownFileType = sourcecode.swift; path = AllCoinsView.swift; sourceTree = "<group>"; };
		23BF88C9294DE24F008E1AFF /* CoinRowView.swift */ = {isa = PBXFileReference; lastKnownFileType = sourcecode.swift; path = CoinRowView.swift; sourceTree = "<group>"; };
/* End PBXFileReference section */

/* Begin PBXFrameworksBuildPhase section */
		23ACE019294B696A00B38B2C /* Frameworks */ = {
			isa = PBXFrameworksBuildPhase;
			buildActionMask = 2147483647;
			files = (
				231029B9294D75CB00A273CD /* FirebaseDatabase in Frameworks */,
				231029C7294D75CB00A273CD /* FirebaseFunctionsCombine-Community in Frameworks */,
				231029BF294D75CB00A273CD /* FirebaseFirestore in Frameworks */,
				231029AB294D75CB00A273CD /* FirebaseAnalyticsSwift in Frameworks */,
				231029A7294D75CB00A273CD /* FirebaseAnalytics in Frameworks */,
				231029A9294D75CB00A273CD /* FirebaseAnalyticsOnDeviceConversion in Frameworks */,
				231029CF294D75CB00A273CD /* FirebaseMLModelDownloader in Frameworks */,
				231029C3294D75CB00A273CD /* FirebaseFirestoreSwift in Frameworks */,
				231029AF294D75CB00A273CD /* FirebaseAppCheck in Frameworks */,
				231029AD294D75CB00A273CD /* FirebaseAnalyticsWithoutAdIdSupport in Frameworks */,
				231029B3294D75CB00A273CD /* FirebaseAuth in Frameworks */,
				231029B7294D75CB00A273CD /* FirebaseCrashlytics in Frameworks */,
				231029D7294D75CB00A273CD /* FirebaseRemoteConfigSwift in Frameworks */,
				231029C9294D75CB00A273CD /* FirebaseInAppMessaging-Beta in Frameworks */,
				231029BB294D75CB00A273CD /* FirebaseDatabaseSwift in Frameworks */,
				231029C5294D75CB00A273CD /* FirebaseFunctions in Frameworks */,
				231029DE294D7C7200A273CD /* Kingfisher in Frameworks */,
				231029DB294D75CB00A273CD /* FirebaseStorageCombine-Community in Frameworks */,
				231029D5294D75CB00A273CD /* FirebaseRemoteConfig in Frameworks */,
				231029B1294D75CB00A273CD /* FirebaseAppDistribution-Beta in Frameworks */,
				231029B5294D75CB00A273CD /* FirebaseAuthCombine-Community in Frameworks */,
				231029D3294D75CB00A273CD /* FirebasePerformance in Frameworks */,
				231029CB294D75CB00A273CD /* FirebaseInAppMessagingSwift-Beta in Frameworks */,
				231029D9294D75CB00A273CD /* FirebaseStorage in Frameworks */,
				231029BD294D75CB00A273CD /* FirebaseDynamicLinks in Frameworks */,
				231029C1294D75CB00A273CD /* FirebaseFirestoreCombine-Community in Frameworks */,
				231029D1294D75CB00A273CD /* FirebaseMessaging in Frameworks */,
				231029CD294D75CB00A273CD /* FirebaseInstallations in Frameworks */,
			);
			runOnlyForDeploymentPostprocessing = 0;
		};
		23ACE029294B696B00B38B2C /* Frameworks */ = {
			isa = PBXFrameworksBuildPhase;
			buildActionMask = 2147483647;
			files = (
			);
			runOnlyForDeploymentPostprocessing = 0;
		};
		23ACE033294B696B00B38B2C /* Frameworks */ = {
			isa = PBXFrameworksBuildPhase;
			buildActionMask = 2147483647;
			files = (
			);
			runOnlyForDeploymentPostprocessing = 0;
		};
/* End PBXFrameworksBuildPhase section */

/* Begin PBXGroup section */
		23ACE013294B696A00B38B2C = {
			isa = PBXGroup;
			children = (
				23ACE01E294B696A00B38B2C /* SwiftUIChat */,
				23ACE02F294B696B00B38B2C /* SwiftUIChatTests */,
				23ACE039294B696B00B38B2C /* SwiftUIChatUITests */,
				23ACE01D294B696A00B38B2C /* Products */,
			);
			sourceTree = "<group>";
		};
		23ACE01D294B696A00B38B2C /* Products */ = {
			isa = PBXGroup;
			children = (
				23ACE01C294B696A00B38B2C /* SwiftUIChat.app */,
				23ACE02C294B696B00B38B2C /* SwiftUIChatTests.xctest */,
				23ACE036294B696B00B38B2C /* SwiftUIChatUITests.xctest */,
			);
			name = Products;
			sourceTree = "<group>";
		};
		23ACE01E294B696A00B38B2C /* SwiftUIChat */ = {
			isa = PBXGroup;
			children = (
				23ACE119294B6D4100B38B2C /* Utils */,
				23ACE118294B6D2700B38B2C /* API */,
				23ACE115294B6D0E00B38B2C /* Model */,
				23ACE117294B6D1C00B38B2C /* ViewModel */,
				23ACE116294B6D1500B38B2C /* View */,
				23ACE01F294B696A00B38B2C /* SwiftUIChatApp.swift */,
				23ACE021294B696A00B38B2C /* ContentView.swift */,
				23ACE023294B696B00B38B2C /* Assets.xcassets */,
				23ACE194294C34AF00B38B2C /* GoogleService-Info.plist */,
				23ACE025294B696B00B38B2C /* Preview Content */,
			);
			path = SwiftUIChat;
			sourceTree = "<group>";
		};
		23ACE025294B696B00B38B2C /* Preview Content */ = {
			isa = PBXGroup;
			children = (
				23ACE026294B696B00B38B2C /* Preview Assets.xcassets */,
			);
			path = "Preview Content";
			sourceTree = "<group>";
		};
		23ACE02F294B696B00B38B2C /* SwiftUIChatTests */ = {
			isa = PBXGroup;
			children = (
				23ACE030294B696B00B38B2C /* SwiftUIChatTests.swift */,
			);
			path = SwiftUIChatTests;
			sourceTree = "<group>";
		};
		23ACE039294B696B00B38B2C /* SwiftUIChatUITests */ = {
			isa = PBXGroup;
			children = (
				23ACE03A294B696B00B38B2C /* SwiftUIChatUITests.swift */,
				23ACE03C294B696B00B38B2C /* SwiftUIChatUITestsLaunchTests.swift */,
			);
			path = SwiftUIChatUITests;
			sourceTree = "<group>";
		};
		23ACE115294B6D0E00B38B2C /* Model */ = {
			isa = PBXGroup;
			children = (
				23ACE18C294C2BC600B38B2C /* Message.swift */,
				23ACE1B1294D72B900B38B2C /* User.swift */,
			);
			path = Model;
			sourceTree = "<group>";
		};
		23ACE116294B6D1500B38B2C /* View */ = {
			isa = PBXGroup;
			children = (
				23ACE137294B772700B38B2C /* Conversations */,
				23ACE132294B770600B38B2C /* Chats */,
				23ACE131294B76FC00B38B2C /* Settings */,
				23ACE130294B76F200B38B2C /* Channels */,
				23BF88BE294DD75A008E1AFF /* LivePrices */,
				23ACE12B294B75A200B38B2C /* Main */,
				23ACE11A294B6D4F00B38B2C /* Authentication */,
			);
			path = View;
			sourceTree = "<group>";
		};
		23ACE117294B6D1C00B38B2C /* ViewModel */ = {
			isa = PBXGroup;
			children = (
				23ACE158294B7DD100B38B2C /* SettingsCellViewModel.swift */,
				23ACE164294B828000B38B2C /* StatusViewModel.swift */,
				23ACE190294C2C4000B38B2C /* ChatViewModel.swift */,
				23ACE1A5294C37AF00B38B2C /* AuthViewModel.swift */,
				231029DF294D7EE100A273CD /* NewMessageViewModel.swift */,
				231029E3294D9E5100A273CD /* MessageViewModel.swift */,
				231029E5294DB75700A273CD /* ConversationsViewModel.swift */,
				23BF88BC294DC804008E1AFF /* ConversationCellViewModel.swift */,
			);
			name = ViewModel;
			sourceTree = "<group>";
		};
		23ACE118294B6D2700B38B2C /* API */ = {
			isa = PBXGroup;
			children = (
				23ACE1AD294C486E00B38B2C /* ImageUploader.swift */,
			);
			path = API;
			sourceTree = "<group>";
		};
		23ACE119294B6D4100B38B2C /* Utils */ = {
			isa = PBXGroup;
			children = (
				23ACE127294B743C00B38B2C /* CustomTextField.swift */,
				23ACE168294B872700B38B2C /* ImagePicker.swift */,
				23ACE178294C18A200B38B2C /* SearchBar.swift */,
				23ACE17C294C1B4300B38B2C /* Extensions.swift */,
				231029E1294D7F4600A273CD /* Constants.swift */,
			);
			path = Utils;
			sourceTree = "<group>";
		};
		23ACE11A294B6D4F00B38B2C /* Authentication */ = {
			isa = PBXGroup;
			children = (
				23ACE11B294B6D8C00B38B2C /* LoginView.swift */,
				23ACE11F294B6D9D00B38B2C /* RegistrationView.swift */,
				23ACE1A9294C3CFB00B38B2C /* ProfilePhotoSelectorView.swift */,
			);
			path = Authentication;
			sourceTree = "<group>";
		};
		23ACE12B294B75A200B38B2C /* Main */ = {
			isa = PBXGroup;
			children = (
				23ACE12C294B75C200B38B2C /* MainTabView.swift */,
			);
			path = Main;
			sourceTree = "<group>";
		};
		23ACE130294B76F200B38B2C /* Channels */ = {
			isa = PBXGroup;
			children = (
				23ACE14C294B77A800B38B2C /* ChannelsView.swift */,
			);
			path = Channels;
			sourceTree = "<group>";
		};
		23ACE131294B76FC00B38B2C /* Settings */ = {
			isa = PBXGroup;
			children = (
				23ACE148294B779B00B38B2C /* SettingsView.swift */,
				23ACE150294B7B3B00B38B2C /* SettingsHeaderView.swift */,
				23ACE154294B7C7C00B38B2C /* SettingsCell.swift */,
				23ACE15C294B813000B38B2C /* EditProfileView.swift */,
				23ACE160294B81FF00B38B2C /* StatusSelectorView.swift */,
			);
			path = Settings;
			sourceTree = "<group>";
		};
		23ACE132294B770600B38B2C /* Chats */ = {
			isa = PBXGroup;
			children = (
				23ACE133294B771E00B38B2C /* ChatView.swift */,
				23ACE180294C1C9000B38B2C /* ChatBubble.swift */,
				23ACE184294C1D8B00B38B2C /* MessageView.swift */,
				23ACE188294C275500B38B2C /* CustomInputView.swift */,
			);
			path = Chats;
			sourceTree = "<group>";
		};
		23ACE137294B772700B38B2C /* Conversations */ = {
			isa = PBXGroup;
			children = (
				23ACE144294B777200B38B2C /* ConversationsView.swift */,
				23ACE16C294C078600B38B2C /* ConversationCell.swift */,
				23ACE170294C07AA00B38B2C /* NewMessageView.swift */,
				23ACE174294C07C900B38B2C /* UserCell.swift */,
			);
			path = Conversations;
			sourceTree = "<group>";
		};
		23BF88BE294DD75A008E1AFF /* LivePrices */ = {
			isa = PBXGroup;
			children = (
				23BF88C1294DD78B008E1AFF /* LivePricesView.swift */,
				23BF88C3294DDE83008E1AFF /* TopMoversView.swift */,
				23BF88C5294DDF17008E1AFF /* TopMoversItemView.swift */,
				23BF88C7294DE243008E1AFF /* AllCoinsView.swift */,
				23BF88C9294DE24F008E1AFF /* CoinRowView.swift */,
			);
			path = LivePrices;
			sourceTree = "<group>";
		};
/* End PBXGroup section */

/* Begin PBXNativeTarget section */
		23ACE01B294B696A00B38B2C /* SwiftUIChat */ = {
			isa = PBXNativeTarget;
			buildConfigurationList = 23ACE040294B696B00B38B2C /* Build configuration list for PBXNativeTarget "SwiftUIChat" */;
			buildPhases = (
				23ACE018294B696A00B38B2C /* Sources */,
				23ACE019294B696A00B38B2C /* Frameworks */,
				23ACE01A294B696A00B38B2C /* Resources */,
			);
			buildRules = (
			);
			dependencies = (
			);
			name = SwiftUIChat;
			packageProductDependencies = (
				231029A6294D75CB00A273CD /* FirebaseAnalytics */,
				231029A8294D75CB00A273CD /* FirebaseAnalyticsOnDeviceConversion */,
				231029AA294D75CB00A273CD /* FirebaseAnalyticsSwift */,
				231029AC294D75CB00A273CD /* FirebaseAnalyticsWithoutAdIdSupport */,
				231029AE294D75CB00A273CD /* FirebaseAppCheck */,
				231029B0294D75CB00A273CD /* FirebaseAppDistribution-Beta */,
				231029B2294D75CB00A273CD /* FirebaseAuth */,
				231029B4294D75CB00A273CD /* FirebaseAuthCombine-Community */,
				231029B6294D75CB00A273CD /* FirebaseCrashlytics */,
				231029B8294D75CB00A273CD /* FirebaseDatabase */,
				231029BA294D75CB00A273CD /* FirebaseDatabaseSwift */,
				231029BC294D75CB00A273CD /* FirebaseDynamicLinks */,
				231029BE294D75CB00A273CD /* FirebaseFirestore */,
				231029C0294D75CB00A273CD /* FirebaseFirestoreCombine-Community */,
				231029C2294D75CB00A273CD /* FirebaseFirestoreSwift */,
				231029C4294D75CB00A273CD /* FirebaseFunctions */,
				231029C6294D75CB00A273CD /* FirebaseFunctionsCombine-Community */,
				231029C8294D75CB00A273CD /* FirebaseInAppMessaging-Beta */,
				231029CA294D75CB00A273CD /* FirebaseInAppMessagingSwift-Beta */,
				231029CC294D75CB00A273CD /* FirebaseInstallations */,
				231029CE294D75CB00A273CD /* FirebaseMLModelDownloader */,
				231029D0294D75CB00A273CD /* FirebaseMessaging */,
				231029D2294D75CB00A273CD /* FirebasePerformance */,
				231029D4294D75CB00A273CD /* FirebaseRemoteConfig */,
				231029D6294D75CB00A273CD /* FirebaseRemoteConfigSwift */,
				231029D8294D75CB00A273CD /* FirebaseStorage */,
				231029DA294D75CB00A273CD /* FirebaseStorageCombine-Community */,
				231029DD294D7C7200A273CD /* Kingfisher */,
			);
			productName = SwiftUIChat;
			productReference = 23ACE01C294B696A00B38B2C /* SwiftUIChat.app */;
			productType = "com.apple.product-type.application";
		};
		23ACE02B294B696B00B38B2C /* SwiftUIChatTests */ = {
			isa = PBXNativeTarget;
			buildConfigurationList = 23ACE043294B696B00B38B2C /* Build configuration list for PBXNativeTarget "SwiftUIChatTests" */;
			buildPhases = (
				23ACE028294B696B00B38B2C /* Sources */,
				23ACE029294B696B00B38B2C /* Frameworks */,
				23ACE02A294B696B00B38B2C /* Resources */,
			);
			buildRules = (
			);
			dependencies = (
				23ACE02E294B696B00B38B2C /* PBXTargetDependency */,
			);
			name = SwiftUIChatTests;
			productName = SwiftUIChatTests;
			productReference = 23ACE02C294B696B00B38B2C /* SwiftUIChatTests.xctest */;
			productType = "com.apple.product-type.bundle.unit-test";
		};
		23ACE035294B696B00B38B2C /* SwiftUIChatUITests */ = {
			isa = PBXNativeTarget;
			buildConfigurationList = 23ACE046294B696B00B38B2C /* Build configuration list for PBXNativeTarget "SwiftUIChatUITests" */;
			buildPhases = (
				23ACE032294B696B00B38B2C /* Sources */,
				23ACE033294B696B00B38B2C /* Frameworks */,
				23ACE034294B696B00B38B2C /* Resources */,
			);
			buildRules = (
			);
			dependencies = (
				23ACE038294B696B00B38B2C /* PBXTargetDependency */,
			);
			name = SwiftUIChatUITests;
			productName = SwiftUIChatUITests;
			productReference = 23ACE036294B696B00B38B2C /* SwiftUIChatUITests.xctest */;
			productType = "com.apple.product-type.bundle.ui-testing";
		};
/* End PBXNativeTarget section */

/* Begin PBXProject section */
		23ACE014294B696A00B38B2C /* Project object */ = {
			isa = PBXProject;
			attributes = {
				BuildIndependentTargetsInParallel = 1;
				LastSwiftUpdateCheck = 1420;
				LastUpgradeCheck = 1420;
				TargetAttributes = {
					23ACE01B294B696A00B38B2C = {
						CreatedOnToolsVersion = 14.2;
					};
					23ACE02B294B696B00B38B2C = {
						CreatedOnToolsVersion = 14.2;
						TestTargetID = 23ACE01B294B696A00B38B2C;
					};
					23ACE035294B696B00B38B2C = {
						CreatedOnToolsVersion = 14.2;
						TestTargetID = 23ACE01B294B696A00B38B2C;
					};
				};
			};
			buildConfigurationList = 23ACE017294B696A00B38B2C /* Build configuration list for PBXProject "SwiftUIChat" */;
			compatibilityVersion = "Xcode 14.0";
			developmentRegion = en;
			hasScannedForEncodings = 0;
			knownRegions = (
				en,
				Base,
			);
			mainGroup = 23ACE013294B696A00B38B2C;
			packageReferences = (
				231029A5294D75CB00A273CD /* XCRemoteSwiftPackageReference "firebase-ios-sdk" */,
				231029DC294D7C7100A273CD /* XCRemoteSwiftPackageReference "Kingfisher" */,
			);
			productRefGroup = 23ACE01D294B696A00B38B2C /* Products */;
			projectDirPath = "";
			projectRoot = "";
			targets = (
				23ACE01B294B696A00B38B2C /* SwiftUIChat */,
				23ACE02B294B696B00B38B2C /* SwiftUIChatTests */,
				23ACE035294B696B00B38B2C /* SwiftUIChatUITests */,
			);
		};
/* End PBXProject section */

/* Begin PBXResourcesBuildPhase section */
		23ACE01A294B696A00B38B2C /* Resources */ = {
			isa = PBXResourcesBuildPhase;
			buildActionMask = 2147483647;
			files = (
				23ACE027294B696B00B38B2C /* Preview Assets.xcassets in Resources */,
				23ACE024294B696B00B38B2C /* Assets.xcassets in Resources */,
				23ACE195294C34AF00B38B2C /* GoogleService-Info.plist in Resources */,
			);
			runOnlyForDeploymentPostprocessing = 0;
		};
		23ACE02A294B696B00B38B2C /* Resources */ = {
			isa = PBXResourcesBuildPhase;
			buildActionMask = 2147483647;
			files = (
				23ACE196294C34AF00B38B2C /* GoogleService-Info.plist in Resources */,
			);
			runOnlyForDeploymentPostprocessing = 0;
		};
		23ACE034294B696B00B38B2C /* Resources */ = {
			isa = PBXResourcesBuildPhase;
			buildActionMask = 2147483647;
			files = (
				23ACE197294C34AF00B38B2C /* GoogleService-Info.plist in Resources */,
			);
			runOnlyForDeploymentPostprocessing = 0;
		};
/* End PBXResourcesBuildPhase section */

/* Begin PBXSourcesBuildPhase section */
		23ACE018294B696A00B38B2C /* Sources */ = {
			isa = PBXSourcesBuildPhase;
			buildActionMask = 2147483647;
			files = (
				23ACE165294B828000B38B2C /* StatusViewModel.swift in Sources */,
				23ACE15D294B813000B38B2C /* EditProfileView.swift in Sources */,
				23ACE171294C07AA00B38B2C /* NewMessageView.swift in Sources */,
				23ACE161294B81FF00B38B2C /* StatusSelectorView.swift in Sources */,
				23ACE1B2294D72B900B38B2C /* User.swift in Sources */,
				23ACE169294B872700B38B2C /* ImagePicker.swift in Sources */,
				23BF88CA294DE24F008E1AFF /* CoinRowView.swift in Sources */,
				23ACE11C294B6D8C00B38B2C /* LoginView.swift in Sources */,
				23ACE128294B743C00B38B2C /* CustomTextField.swift in Sources */,
				23ACE191294C2C4000B38B2C /* ChatViewModel.swift in Sources */,
				23ACE159294B7DD100B38B2C /* SettingsCellViewModel.swift in Sources */,
				23ACE175294C07C900B38B2C /* UserCell.swift in Sources */,
				23ACE18D294C2BC600B38B2C /* Message.swift in Sources */,
				23ACE181294C1C9000B38B2C /* ChatBubble.swift in Sources */,
				23ACE17D294C1B4300B38B2C /* Extensions.swift in Sources */,
				23ACE155294B7C7C00B38B2C /* SettingsCell.swift in Sources */,
				231029E0294D7EE100A273CD /* NewMessageViewModel.swift in Sources */,
				231029E6294DB75700A273CD /* ConversationsViewModel.swift in Sources */,
				23ACE185294C1D8B00B38B2C /* MessageView.swift in Sources */,
				23ACE16D294C078600B38B2C /* ConversationCell.swift in Sources */,
				23ACE14D294B77A800B38B2C /* ChannelsView.swift in Sources */,
				23ACE1AE294C486E00B38B2C /* ImageUploader.swift in Sources */,
				23ACE151294B7B3B00B38B2C /* SettingsHeaderView.swift in Sources */,
				23ACE022294B696A00B38B2C /* ContentView.swift in Sources */,
				23ACE179294C18A200B38B2C /* SearchBar.swift in Sources */,
				231029E2294D7F4600A273CD /* Constants.swift in Sources */,
				23ACE1AA294C3CFB00B38B2C /* ProfilePhotoSelectorView.swift in Sources */,
				23ACE189294C275500B38B2C /* CustomInputView.swift in Sources */,
				23BF88C6294DDF17008E1AFF /* TopMoversItemView.swift in Sources */,
				231029E4294D9E5100A273CD /* MessageViewModel.swift in Sources */,
				23ACE145294B777200B38B2C /* ConversationsView.swift in Sources */,
				23BF88BD294DC804008E1AFF /* ConversationCellViewModel.swift in Sources */,
				23ACE020294B696A00B38B2C /* SwiftUIChatApp.swift in Sources */,
				23ACE149294B779B00B38B2C /* SettingsView.swift in Sources */,
				23ACE1A6294C37AF00B38B2C /* AuthViewModel.swift in Sources */,
				23ACE134294B771E00B38B2C /* ChatView.swift in Sources */,
				23BF88C2294DD78B008E1AFF /* LivePricesView.swift in Sources */,
				23ACE120294B6D9D00B38B2C /* RegistrationView.swift in Sources */,
				23BF88C8294DE243008E1AFF /* AllCoinsView.swift in Sources */,
				23BF88C4294DDE83008E1AFF /* TopMoversView.swift in Sources */,
				23ACE12D294B75C200B38B2C /* MainTabView.swift in Sources */,
			);
			runOnlyForDeploymentPostprocessing = 0;
		};
		23ACE028294B696B00B38B2C /* Sources */ = {
			isa = PBXSourcesBuildPhase;
			buildActionMask = 2147483647;
			files = (
				23ACE192294C2C4000B38B2C /* ChatViewModel.swift in Sources */,
				23ACE121294B6D9D00B38B2C /* RegistrationView.swift in Sources */,
				23ACE166294B828000B38B2C /* StatusViewModel.swift in Sources */,
				23ACE11D294B6D8C00B38B2C /* LoginView.swift in Sources */,
				23ACE152294B7B3B00B38B2C /* SettingsHeaderView.swift in Sources */,
				23ACE14E294B77A800B38B2C /* ChannelsView.swift in Sources */,
				23ACE16E294C078600B38B2C /* ConversationCell.swift in Sources */,
				23ACE176294C07C900B38B2C /* UserCell.swift in Sources */,
				23ACE1B3294D72B900B38B2C /* User.swift in Sources */,
				23ACE18E294C2BC600B38B2C /* Message.swift in Sources */,
				23ACE031294B696B00B38B2C /* SwiftUIChatTests.swift in Sources */,
				23ACE162294B81FF00B38B2C /* StatusSelectorView.swift in Sources */,
				23ACE14A294B779B00B38B2C /* SettingsView.swift in Sources */,
				23ACE172294C07AA00B38B2C /* NewMessageView.swift in Sources */,
				23ACE129294B743C00B38B2C /* CustomTextField.swift in Sources */,
				23ACE15A294B7DD100B38B2C /* SettingsCellViewModel.swift in Sources */,
				23ACE17E294C1B4300B38B2C /* Extensions.swift in Sources */,
				23ACE1AB294C3CFB00B38B2C /* ProfilePhotoSelectorView.swift in Sources */,
				23ACE18A294C275500B38B2C /* CustomInputView.swift in Sources */,
				23ACE1A7294C37AF00B38B2C /* AuthViewModel.swift in Sources */,
				23ACE135294B771E00B38B2C /* ChatView.swift in Sources */,
				23ACE182294C1C9000B38B2C /* ChatBubble.swift in Sources */,
				23ACE12E294B75C200B38B2C /* MainTabView.swift in Sources */,
				23ACE146294B777200B38B2C /* ConversationsView.swift in Sources */,
				23ACE16A294B872700B38B2C /* ImagePicker.swift in Sources */,
				23ACE17A294C18A200B38B2C /* SearchBar.swift in Sources */,
				23ACE186294C1D8B00B38B2C /* MessageView.swift in Sources */,
				23ACE15E294B813000B38B2C /* EditProfileView.swift in Sources */,
				23ACE156294B7C7C00B38B2C /* SettingsCell.swift in Sources */,
				23ACE1AF294C486E00B38B2C /* ImageUploader.swift in Sources */,
			);
			runOnlyForDeploymentPostprocessing = 0;
		};
		23ACE032294B696B00B38B2C /* Sources */ = {
			isa = PBXSourcesBuildPhase;
			buildActionMask = 2147483647;
			files = (
				23ACE167294B828000B38B2C /* StatusViewModel.swift in Sources */,
				23ACE15F294B813000B38B2C /* EditProfileView.swift in Sources */,
				23ACE173294C07AA00B38B2C /* NewMessageView.swift in Sources */,
				23ACE163294B81FF00B38B2C /* StatusSelectorView.swift in Sources */,
				23ACE1B4294D72B900B38B2C /* User.swift in Sources */,
				23ACE16B294B872700B38B2C /* ImagePicker.swift in Sources */,
				23ACE11E294B6D8C00B38B2C /* LoginView.swift in Sources */,
				23ACE12A294B743C00B38B2C /* CustomTextField.swift in Sources */,
				23ACE193294C2C4000B38B2C /* ChatViewModel.swift in Sources */,
				23ACE15B294B7DD100B38B2C /* SettingsCellViewModel.swift in Sources */,
				23ACE177294C07C900B38B2C /* UserCell.swift in Sources */,
				23ACE18F294C2BC600B38B2C /* Message.swift in Sources */,
				23ACE183294C1C9000B38B2C /* ChatBubble.swift in Sources */,
				23ACE17F294C1B4300B38B2C /* Extensions.swift in Sources */,
				23ACE157294B7C7C00B38B2C /* SettingsCell.swift in Sources */,
				23ACE187294C1D8B00B38B2C /* MessageView.swift in Sources */,
				23ACE16F294C078600B38B2C /* ConversationCell.swift in Sources */,
				23ACE14F294B77A800B38B2C /* ChannelsView.swift in Sources */,
				23ACE1B0294C486E00B38B2C /* ImageUploader.swift in Sources */,
				23ACE153294B7B3B00B38B2C /* SettingsHeaderView.swift in Sources */,
				23ACE03D294B696B00B38B2C /* SwiftUIChatUITestsLaunchTests.swift in Sources */,
				23ACE17B294C18A200B38B2C /* SearchBar.swift in Sources */,
				23ACE1AC294C3CFB00B38B2C /* ProfilePhotoSelectorView.swift in Sources */,
				23ACE18B294C275500B38B2C /* CustomInputView.swift in Sources */,
				23ACE147294B777200B38B2C /* ConversationsView.swift in Sources */,
				23ACE03B294B696B00B38B2C /* SwiftUIChatUITests.swift in Sources */,
				23ACE14B294B779B00B38B2C /* SettingsView.swift in Sources */,
				23ACE1A8294C37AF00B38B2C /* AuthViewModel.swift in Sources */,
				23ACE136294B771E00B38B2C /* ChatView.swift in Sources */,
				23ACE122294B6D9D00B38B2C /* RegistrationView.swift in Sources */,
				23ACE12F294B75C200B38B2C /* MainTabView.swift in Sources */,
			);
			runOnlyForDeploymentPostprocessing = 0;
		};
/* End PBXSourcesBuildPhase section */

/* Begin PBXTargetDependency section */
		23ACE02E294B696B00B38B2C /* PBXTargetDependency */ = {
			isa = PBXTargetDependency;
			target = 23ACE01B294B696A00B38B2C /* SwiftUIChat */;
			targetProxy = 23ACE02D294B696B00B38B2C /* PBXContainerItemProxy */;
		};
		23ACE038294B696B00B38B2C /* PBXTargetDependency */ = {
			isa = PBXTargetDependency;
			target = 23ACE01B294B696A00B38B2C /* SwiftUIChat */;
			targetProxy = 23ACE037294B696B00B38B2C /* PBXContainerItemProxy */;
		};
/* End PBXTargetDependency section */

/* Begin XCBuildConfiguration section */
		23ACE03E294B696B00B38B2C /* Debug */ = {
			isa = XCBuildConfiguration;
			buildSettings = {
				ALWAYS_SEARCH_USER_PATHS = NO;
				CLANG_ANALYZER_NONNULL = YES;
				CLANG_ANALYZER_NUMBER_OBJECT_CONVERSION = YES_AGGRESSIVE;
				CLANG_CXX_LANGUAGE_STANDARD = "gnu++20";
				CLANG_ENABLE_MODULES = YES;
				CLANG_ENABLE_OBJC_ARC = YES;
				CLANG_ENABLE_OBJC_WEAK = YES;
				CLANG_WARN_BLOCK_CAPTURE_AUTORELEASING = YES;
				CLANG_WARN_BOOL_CONVERSION = YES;
				CLANG_WARN_COMMA = YES;
				CLANG_WARN_CONSTANT_CONVERSION = YES;
				CLANG_WARN_DEPRECATED_OBJC_IMPLEMENTATIONS = YES;
				CLANG_WARN_DIRECT_OBJC_ISA_USAGE = YES_ERROR;
				CLANG_WARN_DOCUMENTATION_COMMENTS = YES;
				CLANG_WARN_EMPTY_BODY = YES;
				CLANG_WARN_ENUM_CONVERSION = YES;
				CLANG_WARN_INFINITE_RECURSION = YES;
				CLANG_WARN_INT_CONVERSION = YES;
				CLANG_WARN_NON_LITERAL_NULL_CONVERSION = YES;
				CLANG_WARN_OBJC_IMPLICIT_RETAIN_SELF = YES;
				CLANG_WARN_OBJC_LITERAL_CONVERSION = YES;
				CLANG_WARN_OBJC_ROOT_CLASS = YES_ERROR;
				CLANG_WARN_QUOTED_INCLUDE_IN_FRAMEWORK_HEADER = YES;
				CLANG_WARN_RANGE_LOOP_ANALYSIS = YES;
				CLANG_WARN_STRICT_PROTOTYPES = YES;
				CLANG_WARN_SUSPICIOUS_MOVE = YES;
				CLANG_WARN_UNGUARDED_AVAILABILITY = YES_AGGRESSIVE;
				CLANG_WARN_UNREACHABLE_CODE = YES;
				CLANG_WARN__DUPLICATE_METHOD_MATCH = YES;
				COPY_PHASE_STRIP = NO;
				DEBUG_INFORMATION_FORMAT = dwarf;
				ENABLE_STRICT_OBJC_MSGSEND = YES;
				ENABLE_TESTABILITY = YES;
				GCC_C_LANGUAGE_STANDARD = gnu11;
				GCC_DYNAMIC_NO_PIC = NO;
				GCC_NO_COMMON_BLOCKS = YES;
				GCC_OPTIMIZATION_LEVEL = 0;
				GCC_PREPROCESSOR_DEFINITIONS = (
					"DEBUG=1",
					"$(inherited)",
				);
				GCC_WARN_64_TO_32_BIT_CONVERSION = YES;
				GCC_WARN_ABOUT_RETURN_TYPE = YES_ERROR;
				GCC_WARN_UNDECLARED_SELECTOR = YES;
				GCC_WARN_UNINITIALIZED_AUTOS = YES_AGGRESSIVE;
				GCC_WARN_UNUSED_FUNCTION = YES;
				GCC_WARN_UNUSED_VARIABLE = YES;
				IPHONEOS_DEPLOYMENT_TARGET = 16.2;
				MTL_ENABLE_DEBUG_INFO = INCLUDE_SOURCE;
				MTL_FAST_MATH = YES;
				ONLY_ACTIVE_ARCH = YES;
				SDKROOT = iphoneos;
				SWIFT_ACTIVE_COMPILATION_CONDITIONS = DEBUG;
				SWIFT_OPTIMIZATION_LEVEL = "-Onone";
			};
			name = Debug;
		};
		23ACE03F294B696B00B38B2C /* Release */ = {
			isa = XCBuildConfiguration;
			buildSettings = {
				ALWAYS_SEARCH_USER_PATHS = NO;
				CLANG_ANALYZER_NONNULL = YES;
				CLANG_ANALYZER_NUMBER_OBJECT_CONVERSION = YES_AGGRESSIVE;
				CLANG_CXX_LANGUAGE_STANDARD = "gnu++20";
				CLANG_ENABLE_MODULES = YES;
				CLANG_ENABLE_OBJC_ARC = YES;
				CLANG_ENABLE_OBJC_WEAK = YES;
				CLANG_WARN_BLOCK_CAPTURE_AUTORELEASING = YES;
				CLANG_WARN_BOOL_CONVERSION = YES;
				CLANG_WARN_COMMA = YES;
				CLANG_WARN_CONSTANT_CONVERSION = YES;
				CLANG_WARN_DEPRECATED_OBJC_IMPLEMENTATIONS = YES;
				CLANG_WARN_DIRECT_OBJC_ISA_USAGE = YES_ERROR;
				CLANG_WARN_DOCUMENTATION_COMMENTS = YES;
				CLANG_WARN_EMPTY_BODY = YES;
				CLANG_WARN_ENUM_CONVERSION = YES;
				CLANG_WARN_INFINITE_RECURSION = YES;
				CLANG_WARN_INT_CONVERSION = YES;
				CLANG_WARN_NON_LITERAL_NULL_CONVERSION = YES;
				CLANG_WARN_OBJC_IMPLICIT_RETAIN_SELF = YES;
				CLANG_WARN_OBJC_LITERAL_CONVERSION = YES;
				CLANG_WARN_OBJC_ROOT_CLASS = YES_ERROR;
				CLANG_WARN_QUOTED_INCLUDE_IN_FRAMEWORK_HEADER = YES;
				CLANG_WARN_RANGE_LOOP_ANALYSIS = YES;
				CLANG_WARN_STRICT_PROTOTYPES = YES;
				CLANG_WARN_SUSPICIOUS_MOVE = YES;
				CLANG_WARN_UNGUARDED_AVAILABILITY = YES_AGGRESSIVE;
				CLANG_WARN_UNREACHABLE_CODE = YES;
				CLANG_WARN__DUPLICATE_METHOD_MATCH = YES;
				COPY_PHASE_STRIP = NO;
				DEBUG_INFORMATION_FORMAT = "dwarf-with-dsym";
				ENABLE_NS_ASSERTIONS = NO;
				ENABLE_STRICT_OBJC_MSGSEND = YES;
				GCC_C_LANGUAGE_STANDARD = gnu11;
				GCC_NO_COMMON_BLOCKS = YES;
				GCC_WARN_64_TO_32_BIT_CONVERSION = YES;
				GCC_WARN_ABOUT_RETURN_TYPE = YES_ERROR;
				GCC_WARN_UNDECLARED_SELECTOR = YES;
				GCC_WARN_UNINITIALIZED_AUTOS = YES_AGGRESSIVE;
				GCC_WARN_UNUSED_FUNCTION = YES;
				GCC_WARN_UNUSED_VARIABLE = YES;
				IPHONEOS_DEPLOYMENT_TARGET = 16.2;
				MTL_ENABLE_DEBUG_INFO = NO;
				MTL_FAST_MATH = YES;
				SDKROOT = iphoneos;
				SWIFT_COMPILATION_MODE = wholemodule;
				SWIFT_OPTIMIZATION_LEVEL = "-O";
				VALIDATE_PRODUCT = YES;
			};
			name = Release;
		};
		23ACE041294B696B00B38B2C /* Debug */ = {
			isa = XCBuildConfiguration;
			buildSettings = {
				ASSETCATALOG_COMPILER_APPICON_NAME = AppIcon;
				ASSETCATALOG_COMPILER_GLOBAL_ACCENT_COLOR_NAME = AccentColor;
				CODE_SIGN_STYLE = Automatic;
				CURRENT_PROJECT_VERSION = 1;
				DEVELOPMENT_ASSET_PATHS = "\"SwiftUIChat/Preview Content\"";
				DEVELOPMENT_TEAM = 2UHJYA9AH6;
				ENABLE_PREVIEWS = YES;
				GENERATE_INFOPLIST_FILE = YES;
				INFOPLIST_KEY_UIApplicationSceneManifest_Generation = YES;
				INFOPLIST_KEY_UIApplicationSupportsIndirectInputEvents = YES;
				INFOPLIST_KEY_UILaunchScreen_Generation = YES;
				INFOPLIST_KEY_UISupportedInterfaceOrientations_iPad = "UIInterfaceOrientationPortrait UIInterfaceOrientationPortraitUpsideDown UIInterfaceOrientationLandscapeLeft UIInterfaceOrientationLandscapeRight";
				INFOPLIST_KEY_UISupportedInterfaceOrientations_iPhone = "UIInterfaceOrientationPortrait UIInterfaceOrientationLandscapeLeft UIInterfaceOrientationLandscapeRight";
				LD_RUNPATH_SEARCH_PATHS = (
					"$(inherited)",
					"@executable_path/Frameworks",
				);
				MARKETING_VERSION = 1.0;
				PRODUCT_BUNDLE_IDENTIFIER = com.yunjia.SwiftUIChat;
				PRODUCT_NAME = "$(TARGET_NAME)";
				SWIFT_EMIT_LOC_STRINGS = YES;
				SWIFT_VERSION = 5.0;
				TARGETED_DEVICE_FAMILY = "1,2";
			};
			name = Debug;
		};
		23ACE042294B696B00B38B2C /* Release */ = {
			isa = XCBuildConfiguration;
			buildSettings = {
				ASSETCATALOG_COMPILER_APPICON_NAME = AppIcon;
				ASSETCATALOG_COMPILER_GLOBAL_ACCENT_COLOR_NAME = AccentColor;
				CODE_SIGN_STYLE = Automatic;
				CURRENT_PROJECT_VERSION = 1;
				DEVELOPMENT_ASSET_PATHS = "\"SwiftUIChat/Preview Content\"";
				DEVELOPMENT_TEAM = 2UHJYA9AH6;
				ENABLE_PREVIEWS = YES;
				GENERATE_INFOPLIST_FILE = YES;
				INFOPLIST_KEY_UIApplicationSceneManifest_Generation = YES;
				INFOPLIST_KEY_UIApplicationSupportsIndirectInputEvents = YES;
				INFOPLIST_KEY_UILaunchScreen_Generation = YES;
				INFOPLIST_KEY_UISupportedInterfaceOrientations_iPad = "UIInterfaceOrientationPortrait UIInterfaceOrientationPortraitUpsideDown UIInterfaceOrientationLandscapeLeft UIInterfaceOrientationLandscapeRight";
				INFOPLIST_KEY_UISupportedInterfaceOrientations_iPhone = "UIInterfaceOrientationPortrait UIInterfaceOrientationLandscapeLeft UIInterfaceOrientationLandscapeRight";
				LD_RUNPATH_SEARCH_PATHS = (
					"$(inherited)",
					"@executable_path/Frameworks",
				);
				MARKETING_VERSION = 1.0;
				PRODUCT_BUNDLE_IDENTIFIER = com.yunjia.SwiftUIChat;
				PRODUCT_NAME = "$(TARGET_NAME)";
				SWIFT_EMIT_LOC_STRINGS = YES;
				SWIFT_VERSION = 5.0;
				TARGETED_DEVICE_FAMILY = "1,2";
			};
			name = Release;
		};
		23ACE044294B696B00B38B2C /* Debug */ = {
			isa = XCBuildConfiguration;
			buildSettings = {
				ALWAYS_EMBED_SWIFT_STANDARD_LIBRARIES = YES;
				BUNDLE_LOADER = "$(TEST_HOST)";
				CODE_SIGN_STYLE = Automatic;
				CURRENT_PROJECT_VERSION = 1;
				DEVELOPMENT_TEAM = 2UHJYA9AH6;
				GENERATE_INFOPLIST_FILE = YES;
				IPHONEOS_DEPLOYMENT_TARGET = 16.2;
				MARKETING_VERSION = 1.0;
				PRODUCT_BUNDLE_IDENTIFIER = com.yunjia.SwiftUIChatTests;
				PRODUCT_NAME = "$(TARGET_NAME)";
				SWIFT_EMIT_LOC_STRINGS = NO;
				SWIFT_VERSION = 5.0;
				TARGETED_DEVICE_FAMILY = "1,2";
				TEST_HOST = "$(BUILT_PRODUCTS_DIR)/SwiftUIChat.app/$(BUNDLE_EXECUTABLE_FOLDER_PATH)/SwiftUIChat";
			};
			name = Debug;
		};
		23ACE045294B696B00B38B2C /* Release */ = {
			isa = XCBuildConfiguration;
			buildSettings = {
				ALWAYS_EMBED_SWIFT_STANDARD_LIBRARIES = YES;
				BUNDLE_LOADER = "$(TEST_HOST)";
				CODE_SIGN_STYLE = Automatic;
				CURRENT_PROJECT_VERSION = 1;
				DEVELOPMENT_TEAM = 2UHJYA9AH6;
				GENERATE_INFOPLIST_FILE = YES;
				IPHONEOS_DEPLOYMENT_TARGET = 16.2;
				MARKETING_VERSION = 1.0;
				PRODUCT_BUNDLE_IDENTIFIER = com.yunjia.SwiftUIChatTests;
				PRODUCT_NAME = "$(TARGET_NAME)";
				SWIFT_EMIT_LOC_STRINGS = NO;
				SWIFT_VERSION = 5.0;
				TARGETED_DEVICE_FAMILY = "1,2";
				TEST_HOST = "$(BUILT_PRODUCTS_DIR)/SwiftUIChat.app/$(BUNDLE_EXECUTABLE_FOLDER_PATH)/SwiftUIChat";
			};
			name = Release;
		};
		23ACE047294B696B00B38B2C /* Debug */ = {
			isa = XCBuildConfiguration;
			buildSettings = {
				ALWAYS_EMBED_SWIFT_STANDARD_LIBRARIES = YES;
				CODE_SIGN_STYLE = Automatic;
				CURRENT_PROJECT_VERSION = 1;
				DEVELOPMENT_TEAM = 2UHJYA9AH6;
				GENERATE_INFOPLIST_FILE = YES;
				MARKETING_VERSION = 1.0;
				PRODUCT_BUNDLE_IDENTIFIER = com.yunjia.SwiftUIChatUITests;
				PRODUCT_NAME = "$(TARGET_NAME)";
				SWIFT_EMIT_LOC_STRINGS = NO;
				SWIFT_VERSION = 5.0;
				TARGETED_DEVICE_FAMILY = "1,2";
				TEST_TARGET_NAME = SwiftUIChat;
			};
			name = Debug;
		};
		23ACE048294B696B00B38B2C /* Release */ = {
			isa = XCBuildConfiguration;
			buildSettings = {
				ALWAYS_EMBED_SWIFT_STANDARD_LIBRARIES = YES;
				CODE_SIGN_STYLE = Automatic;
				CURRENT_PROJECT_VERSION = 1;
				DEVELOPMENT_TEAM = 2UHJYA9AH6;
				GENERATE_INFOPLIST_FILE = YES;
				MARKETING_VERSION = 1.0;
				PRODUCT_BUNDLE_IDENTIFIER = com.yunjia.SwiftUIChatUITests;
				PRODUCT_NAME = "$(TARGET_NAME)";
				SWIFT_EMIT_LOC_STRINGS = NO;
				SWIFT_VERSION = 5.0;
				TARGETED_DEVICE_FAMILY = "1,2";
				TEST_TARGET_NAME = SwiftUIChat;
			};
			name = Release;
		};
/* End XCBuildConfiguration section */

/* Begin XCConfigurationList section */
		23ACE017294B696A00B38B2C /* Build configuration list for PBXProject "SwiftUIChat" */ = {
			isa = XCConfigurationList;
			buildConfigurations = (
				23ACE03E294B696B00B38B2C /* Debug */,
				23ACE03F294B696B00B38B2C /* Release */,
			);
			defaultConfigurationIsVisible = 0;
			defaultConfigurationName = Release;
		};
		23ACE040294B696B00B38B2C /* Build configuration list for PBXNativeTarget "SwiftUIChat" */ = {
			isa = XCConfigurationList;
			buildConfigurations = (
				23ACE041294B696B00B38B2C /* Debug */,
				23ACE042294B696B00B38B2C /* Release */,
			);
			defaultConfigurationIsVisible = 0;
			defaultConfigurationName = Release;
		};
		23ACE043294B696B00B38B2C /* Build configuration list for PBXNativeTarget "SwiftUIChatTests" */ = {
			isa = XCConfigurationList;
			buildConfigurations = (
				23ACE044294B696B00B38B2C /* Debug */,
				23ACE045294B696B00B38B2C /* Release */,
			);
			defaultConfigurationIsVisible = 0;
			defaultConfigurationName = Release;
		};
		23ACE046294B696B00B38B2C /* Build configuration list for PBXNativeTarget "SwiftUIChatUITests" */ = {
			isa = XCConfigurationList;
			buildConfigurations = (
				23ACE047294B696B00B38B2C /* Debug */,
				23ACE048294B696B00B38B2C /* Release */,
			);
			defaultConfigurationIsVisible = 0;
			defaultConfigurationName = Release;
		};
/* End XCConfigurationList section */

/* Begin XCRemoteSwiftPackageReference section */
		231029A5294D75CB00A273CD /* XCRemoteSwiftPackageReference "firebase-ios-sdk" */ = {
			isa = XCRemoteSwiftPackageReference;
			repositoryURL = "https://github.com/firebase/firebase-ios-sdk";
			requirement = {
				branch = master;
				kind = branch;
			};
		};
		231029DC294D7C7100A273CD /* XCRemoteSwiftPackageReference "Kingfisher" */ = {
			isa = XCRemoteSwiftPackageReference;
			repositoryURL = "https://github.com/onevcat/Kingfisher.git";
			requirement = {
				kind = upToNextMajorVersion;
				minimumVersion = 7.0.0;
			};
		};
/* End XCRemoteSwiftPackageReference section */

/* Begin XCSwiftPackageProductDependency section */
		231029A6294D75CB00A273CD /* FirebaseAnalytics */ = {
			isa = XCSwiftPackageProductDependency;
			package = 231029A5294D75CB00A273CD /* XCRemoteSwiftPackageReference "firebase-ios-sdk" */;
			productName = FirebaseAnalytics;
		};
		231029A8294D75CB00A273CD /* FirebaseAnalyticsOnDeviceConversion */ = {
			isa = XCSwiftPackageProductDependency;
			package = 231029A5294D75CB00A273CD /* XCRemoteSwiftPackageReference "firebase-ios-sdk" */;
			productName = FirebaseAnalyticsOnDeviceConversion;
		};
		231029AA294D75CB00A273CD /* FirebaseAnalyticsSwift */ = {
			isa = XCSwiftPackageProductDependency;
			package = 231029A5294D75CB00A273CD /* XCRemoteSwiftPackageReference "firebase-ios-sdk" */;
			productName = FirebaseAnalyticsSwift;
		};
		231029AC294D75CB00A273CD /* FirebaseAnalyticsWithoutAdIdSupport */ = {
			isa = XCSwiftPackageProductDependency;
			package = 231029A5294D75CB00A273CD /* XCRemoteSwiftPackageReference "firebase-ios-sdk" */;
			productName = FirebaseAnalyticsWithoutAdIdSupport;
		};
		231029AE294D75CB00A273CD /* FirebaseAppCheck */ = {
			isa = XCSwiftPackageProductDependency;
			package = 231029A5294D75CB00A273CD /* XCRemoteSwiftPackageReference "firebase-ios-sdk" */;
			productName = FirebaseAppCheck;
		};
		231029B0294D75CB00A273CD /* FirebaseAppDistribution-Beta */ = {
			isa = XCSwiftPackageProductDependency;
			package = 231029A5294D75CB00A273CD /* XCRemoteSwiftPackageReference "firebase-ios-sdk" */;
			productName = "FirebaseAppDistribution-Beta";
		};
		231029B2294D75CB00A273CD /* FirebaseAuth */ = {
			isa = XCSwiftPackageProductDependency;
			package = 231029A5294D75CB00A273CD /* XCRemoteSwiftPackageReference "firebase-ios-sdk" */;
			productName = FirebaseAuth;
		};
		231029B4294D75CB00A273CD /* FirebaseAuthCombine-Community */ = {
			isa = XCSwiftPackageProductDependency;
			package = 231029A5294D75CB00A273CD /* XCRemoteSwiftPackageReference "firebase-ios-sdk" */;
			productName = "FirebaseAuthCombine-Community";
		};
		231029B6294D75CB00A273CD /* FirebaseCrashlytics */ = {
			isa = XCSwiftPackageProductDependency;
			package = 231029A5294D75CB00A273CD /* XCRemoteSwiftPackageReference "firebase-ios-sdk" */;
			productName = FirebaseCrashlytics;
		};
		231029B8294D75CB00A273CD /* FirebaseDatabase */ = {
			isa = XCSwiftPackageProductDependency;
			package = 231029A5294D75CB00A273CD /* XCRemoteSwiftPackageReference "firebase-ios-sdk" */;
			productName = FirebaseDatabase;
		};
		231029BA294D75CB00A273CD /* FirebaseDatabaseSwift */ = {
			isa = XCSwiftPackageProductDependency;
			package = 231029A5294D75CB00A273CD /* XCRemoteSwiftPackageReference "firebase-ios-sdk" */;
			productName = FirebaseDatabaseSwift;
		};
		231029BC294D75CB00A273CD /* FirebaseDynamicLinks */ = {
			isa = XCSwiftPackageProductDependency;
			package = 231029A5294D75CB00A273CD /* XCRemoteSwiftPackageReference "firebase-ios-sdk" */;
			productName = FirebaseDynamicLinks;
		};
		231029BE294D75CB00A273CD /* FirebaseFirestore */ = {
			isa = XCSwiftPackageProductDependency;
			package = 231029A5294D75CB00A273CD /* XCRemoteSwiftPackageReference "firebase-ios-sdk" */;
			productName = FirebaseFirestore;
		};
		231029C0294D75CB00A273CD /* FirebaseFirestoreCombine-Community */ = {
			isa = XCSwiftPackageProductDependency;
			package = 231029A5294D75CB00A273CD /* XCRemoteSwiftPackageReference "firebase-ios-sdk" */;
			productName = "FirebaseFirestoreCombine-Community";
		};
		231029C2294D75CB00A273CD /* FirebaseFirestoreSwift */ = {
			isa = XCSwiftPackageProductDependency;
			package = 231029A5294D75CB00A273CD /* XCRemoteSwiftPackageReference "firebase-ios-sdk" */;
			productName = FirebaseFirestoreSwift;
		};
		231029C4294D75CB00A273CD /* FirebaseFunctions */ = {
			isa = XCSwiftPackageProductDependency;
			package = 231029A5294D75CB00A273CD /* XCRemoteSwiftPackageReference "firebase-ios-sdk" */;
			productName = FirebaseFunctions;
		};
		231029C6294D75CB00A273CD /* FirebaseFunctionsCombine-Community */ = {
			isa = XCSwiftPackageProductDependency;
			package = 231029A5294D75CB00A273CD /* XCRemoteSwiftPackageReference "firebase-ios-sdk" */;
			productName = "FirebaseFunctionsCombine-Community";
		};
		231029C8294D75CB00A273CD /* FirebaseInAppMessaging-Beta */ = {
			isa = XCSwiftPackageProductDependency;
			package = 231029A5294D75CB00A273CD /* XCRemoteSwiftPackageReference "firebase-ios-sdk" */;
			productName = "FirebaseInAppMessaging-Beta";
		};
		231029CA294D75CB00A273CD /* FirebaseInAppMessagingSwift-Beta */ = {
			isa = XCSwiftPackageProductDependency;
			package = 231029A5294D75CB00A273CD /* XCRemoteSwiftPackageReference "firebase-ios-sdk" */;
			productName = "FirebaseInAppMessagingSwift-Beta";
		};
		231029CC294D75CB00A273CD /* FirebaseInstallations */ = {
			isa = XCSwiftPackageProductDependency;
			package = 231029A5294D75CB00A273CD /* XCRemoteSwiftPackageReference "firebase-ios-sdk" */;
			productName = FirebaseInstallations;
		};
		231029CE294D75CB00A273CD /* FirebaseMLModelDownloader */ = {
			isa = XCSwiftPackageProductDependency;
			package = 231029A5294D75CB00A273CD /* XCRemoteSwiftPackageReference "firebase-ios-sdk" */;
			productName = FirebaseMLModelDownloader;
		};
		231029D0294D75CB00A273CD /* FirebaseMessaging */ = {
			isa = XCSwiftPackageProductDependency;
			package = 231029A5294D75CB00A273CD /* XCRemoteSwiftPackageReference "firebase-ios-sdk" */;
			productName = FirebaseMessaging;
		};
		231029D2294D75CB00A273CD /* FirebasePerformance */ = {
			isa = XCSwiftPackageProductDependency;
			package = 231029A5294D75CB00A273CD /* XCRemoteSwiftPackageReference "firebase-ios-sdk" */;
			productName = FirebasePerformance;
		};
		231029D4294D75CB00A273CD /* FirebaseRemoteConfig */ = {
			isa = XCSwiftPackageProductDependency;
			package = 231029A5294D75CB00A273CD /* XCRemoteSwiftPackageReference "firebase-ios-sdk" */;
			productName = FirebaseRemoteConfig;
		};
		231029D6294D75CB00A273CD /* FirebaseRemoteConfigSwift */ = {
			isa = XCSwiftPackageProductDependency;
			package = 231029A5294D75CB00A273CD /* XCRemoteSwiftPackageReference "firebase-ios-sdk" */;
			productName = FirebaseRemoteConfigSwift;
		};
		231029D8294D75CB00A273CD /* FirebaseStorage */ = {
			isa = XCSwiftPackageProductDependency;
			package = 231029A5294D75CB00A273CD /* XCRemoteSwiftPackageReference "firebase-ios-sdk" */;
			productName = FirebaseStorage;
		};
		231029DA294D75CB00A273CD /* FirebaseStorageCombine-Community */ = {
			isa = XCSwiftPackageProductDependency;
			package = 231029A5294D75CB00A273CD /* XCRemoteSwiftPackageReference "firebase-ios-sdk" */;
			productName = "FirebaseStorageCombine-Community";
		};
		231029DD294D7C7200A273CD /* Kingfisher */ = {
			isa = XCSwiftPackageProductDependency;
			package = 231029DC294D7C7100A273CD /* XCRemoteSwiftPackageReference "Kingfisher" */;
			productName = Kingfisher;
		};
/* End XCSwiftPackageProductDependency section */
	};
	rootObject = 23ACE014294B696A00B38B2C /* Project object */;
}
